
Microsoft Visual Studio Solution File, Format Version 11.00
# Visual Studio 2010
Project("{FAE04EC0-301F-11D3-BF4B-00C04F79EFBC}") = "UniTask.Linq", "UniTask.Linq.csproj", "{1a509eec-97a8-ef9f-87f6-730c0bdad854}"
EndProject
Project("{FAE04EC0-301F-11D3-BF4B-00C04F79EFBC}") = "UniTask", "UniTask.csproj", "{5041a6e0-6bce-f2ba-da5d-09cce85b4b34}"
EndProject
Project("{FAE04EC0-301F-11D3-BF4B-00C04F79EFBC}") = "SurvivTCP", "SurvivTCP.csproj", "{97991fc4-61b3-7f4b-fc84-ba6db35c5473}"
EndProject
Project("{FAE04EC0-301F-11D3-BF4B-00C04F79EFBC}") = "UniTask.Addressables", "UniTask.Addressables.csproj", "{3cab5cc7-00b2-476b-2939-184f5756ac01}"
EndProject
Project("{FAE04EC0-301F-11D3-BF4B-00C04F79EFBC}") = "UniTask.TextMeshPro", "UniTask.TextMeshPro.csproj", "{f89bd6e6-fc36-2924-9dd4-939df3bc4367}"
EndProject
Project("{FAE04EC0-301F-11D3-BF4B-00C04F79EFBC}") = "UniTask.DOTween", "UniTask.DOTween.csproj", "{765b8030-915f-b126-e50d-b3b315f5ff34}"
EndProject
Project("{FAE04EC0-301F-11D3-BF4B-00C04F79EFBC}") = "UniTask.Editor", "UniTask.Editor.csproj", "{d560bb5f-86d1-9315-86f2-aa2315a1b93d}"
EndProject
Project("{FAE04EC0-301F-11D3-BF4B-00C04F79EFBC}") = "Assembly-CSharp", "Assembly-CSharp.csproj", "{3404a80e-0874-16fe-b357-f972dbed98a5}"
EndProject
Project("{FAE04EC0-301F-11D3-BF4B-00C04F79EFBC}") = "Assembly-CSharp-firstpass", "Assembly-CSharp-firstpass.csproj", "{70b0ae6e-32d0-77a0-7388-9f8c056bd26c}"
EndProject
Global
	GlobalSection(SolutionConfigurationPlatforms) = preSolution
		Debug|Any CPU = Debug|Any CPU
	EndGlobalSection
	GlobalSection(ProjectConfigurationPlatforms) = postSolution
		{1a509eec-97a8-ef9f-87f6-730c0bdad854}.Debug|Any CPU.ActiveCfg = Debug|Any CPU
		{1a509eec-97a8-ef9f-87f6-730c0bdad854}.Debug|Any CPU.Build.0 = Debug|Any CPU
		{5041a6e0-6bce-f2ba-da5d-09cce85b4b34}.Debug|Any CPU.ActiveCfg = Debug|Any CPU
		{5041a6e0-6bce-f2ba-da5d-09cce85b4b34}.Debug|Any CPU.Build.0 = Debug|Any CPU
		{97991fc4-61b3-7f4b-fc84-ba6db35c5473}.Debug|Any CPU.ActiveCfg = Debug|Any CPU
		{97991fc4-61b3-7f4b-fc84-ba6db35c5473}.Debug|Any CPU.Build.0 = Debug|Any CPU
		{3cab5cc7-00b2-476b-2939-184f5756ac01}.Debug|Any CPU.ActiveCfg = Debug|Any CPU
		{3cab5cc7-00b2-476b-2939-184f5756ac01}.Debug|Any CPU.Build.0 = Debug|Any CPU
		{f89bd6e6-fc36-2924-9dd4-939df3bc4367}.Debug|Any CPU.ActiveCfg = Debug|Any CPU
		{f89bd6e6-fc36-2924-9dd4-939df3bc4367}.Debug|Any CPU.Build.0 = Debug|Any CPU
		{765b8030-915f-b126-e50d-b3b315f5ff34}.Debug|Any CPU.ActiveCfg = Debug|Any CPU
		{765b8030-915f-b126-e50d-b3b315f5ff34}.Debug|Any CPU.Build.0 = Debug|Any CPU
		{d560bb5f-86d1-9315-86f2-aa2315a1b93d}.Debug|Any CPU.ActiveCfg = Debug|Any CPU
		{d560bb5f-86d1-9315-86f2-aa2315a1b93d}.Debug|Any CPU.Build.0 = Debug|Any CPU
		{3404a80e-0874-16fe-b357-f972dbed98a5}.Debug|Any CPU.ActiveCfg = Debug|Any CPU
		{3404a80e-0874-16fe-b357-f972dbed98a5}.Debug|Any CPU.Build.0 = Debug|Any CPU
		{70b0ae6e-32d0-77a0-7388-9f8c056bd26c}.Debug|Any CPU.ActiveCfg = Debug|Any CPU
		{70b0ae6e-32d0-77a0-7388-9f8c056bd26c}.Debug|Any CPU.Build.0 = Debug|Any CPU
	EndGlobalSection
	GlobalSection(SolutionProperties) = preSolution
		HideSolutionNode = FALSE
	EndGlobalSection
EndGlobal
